{
  "requires": true,
  "lockfileVersion": 1,
  "dependencies": {
    "jquery": {
      "version": "3.4.1",
      "resolved": "https://registry.npmjs.org/jquery/-/jquery-3.4.1.tgz",
      "integrity": "sha512-36+AdBzCL+y6qjw5Tx7HgzeGCzC81MDDgaUP8ld2zhx58HdqXGoBd+tHdrBMiyjGQs0Hxs/MLZTu/eHNJJuWPw=="
    },
    "ms-signalr-client-jquery-3": {
      "version": "2.2.10",
      "resolved": "https://registry.npmjs.org/ms-signalr-client-jquery-3/-/ms-signalr-client-jquery-3-2.2.10.tgz",
      "integrity": "sha512-vr0O7OzRqwgn3njQIaTwe007If637atLzpIDdqREQsQ27Z/8DxpUs1Itj1bdtLTgk/P7R3wmI3BobFmiwa/liQ==",
      "requires": {
        "jquery": "3.x.x"
      }
    },
    "signalr": {
      "version": "2.4.1",
      "resolved": "https://registry.npmjs.org/signalr/-/signalr-2.4.1.tgz",
      "integrity": "sha512-HhIcA9kOE9WBs/DPHd+9jN90GDeSD7RRAETcmxn80laDBQmkQeHblzGBNw4rBzn1behe2WiFYQcbKyx11H3ADw==",
      "requires": {
        "jquery": ">=1.6.4"
      }
    }
  }
}
